// !$*UTF8*$!
{
	archiveVersion = 1;
	classes = {
	};
	objectVersion = 56;
	objects = {

/* Begin PBXBuildFile section */
		46D680AB2A40A5D5003BBE0F /* ShopeeSwiftUIApp.swift in Sources */ = {isa = PBXBuildFile; fileRef = 46D680AA2A40A5D5003BBE0F /* ShopeeSwiftUIApp.swift */; };
		46D680AD2A40A5D5003BBE0F /* ContentView.swift in Sources */ = {isa = PBXBuildFile; fileRef = 46D680AC2A40A5D5003BBE0F /* ContentView.swift */; };
		46D680AF2A40A5D6003BBE0F /* Assets.xcassets in Resources */ = {isa = PBXBuildFile; fileRef = 46D680AE2A40A5D6003BBE0F /* Assets.xcassets */; };
		46D680B22A40A5D6003BBE0F /* Preview Assets.xcassets in Resources */ = {isa = PBXBuildFile; fileRef = 46D680B12A40A5D6003BBE0F /* Preview Assets.xcassets */; };
		46D680BC2A40A5D6003BBE0F /* ShopeeSwiftUITests.swift in Sources */ = {isa = PBXBuildFile; fileRef = 46D680BB2A40A5D6003BBE0F /* ShopeeSwiftUITests.swift */; };
		46D680C62A40A5D7003BBE0F /* ShopeeSwiftUIUITests.swift in Sources */ = {isa = PBXBuildFile; fileRef = 46D680C52A40A5D7003BBE0F /* ShopeeSwiftUIUITests.swift */; };
		46D680C82A40A5D7003BBE0F /* ShopeeSwiftUIUITestsLaunchTests.swift in Sources */ = {isa = PBXBuildFile; fileRef = 46D680C72A40A5D7003BBE0F /* ShopeeSwiftUIUITestsLaunchTests.swift */; };
		46D680DB2A40AD7D003BBE0F /* User.swift in Sources */ = {isa = PBXBuildFile; fileRef = 46D680DA2A40AD7D003BBE0F /* User.swift */; };
		46D680DD2A40B19F003BBE0F /* SearchItemsView.swift in Sources */ = {isa = PBXBuildFile; fileRef = 46D680DC2A40B19F003BBE0F /* SearchItemsView.swift */; };
/* End PBXBuildFile section */

/* Begin PBXContainerItemProxy section */
		46D680B82A40A5D6003BBE0F /* PBXContainerItemProxy */ = {
			isa = PBXContainerItemProxy;
			containerPortal = 46D6809F2A40A5D5003BBE0F /* Project object */;
			proxyType = 1;
			remoteGlobalIDString = 46D680A62A40A5D5003BBE0F;
			remoteInfo = ShopeeSwiftUI;
		};
		46D680C22A40A5D6003BBE0F /* PBXContainerItemProxy */ = {
			isa = PBXContainerItemProxy;
			containerPortal = 46D6809F2A40A5D5003BBE0F /* Project object */;
			proxyType = 1;
			remoteGlobalIDString = 46D680A62A40A5D5003BBE0F;
			remoteInfo = ShopeeSwiftUI;
		};
/* End PBXContainerItemProxy section */

/* Begin PBXFileReference section */
		46D680A72A40A5D5003BBE0F /* ShopeeSwiftUI.app */ = {isa = PBXFileReference; explicitFileType = wrapper.application; includeInIndex = 0; path = ShopeeSwiftUI.app; sourceTree = BUILT_PRODUCTS_DIR; };
		46D680AA2A40A5D5003BBE0F /* ShopeeSwiftUIApp.swift */ = {isa = PBXFileReference; lastKnownFileType = sourcecode.swift; path = ShopeeSwiftUIApp.swift; sourceTree = "<group>"; };
		46D680AC2A40A5D5003BBE0F /* ContentView.swift */ = {isa = PBXFileReference; lastKnownFileType = sourcecode.swift; path = ContentView.swift; sourceTree = "<group>"; };
		46D680AE2A40A5D6003BBE0F /* Assets.xcassets */ = {isa = PBXFileReference; lastKnownFileType = folder.assetcatalog; path = Assets.xcassets; sourceTree = "<group>"; };
		46D680B12A40A5D6003BBE0F /* Preview Assets.xcassets */ = {isa = PBXFileReference; lastKnownFileType = folder.assetcatalog; path = "Preview Assets.xcassets"; sourceTree = "<group>"; };
		46D680B72A40A5D6003BBE0F /* ShopeeSwiftUITests.xctest */ = {isa = PBXFileReference; explicitFileType = wrapper.cfbundle; includeInIndex = 0; path = ShopeeSwiftUITests.xctest; sourceTree = BUILT_PRODUCTS_DIR; };
		46D680BB2A40A5D6003BBE0F /* ShopeeSwiftUITests.swift */ = {isa = PBXFileReference; lastKnownFileType = sourcecode.swift; path = ShopeeSwiftUITests.swift; sourceTree = "<group>"; };
		46D680C12A40A5D6003BBE0F /* ShopeeSwiftUIUITests.xctest */ = {isa = PBXFileReference; explicitFileType = wrapper.cfbundle; includeInIndex = 0; path = ShopeeSwiftUIUITests.xctest; sourceTree = BUILT_PRODUCTS_DIR; };
		46D680C52A40A5D7003BBE0F /* ShopeeSwiftUIUITests.swift */ = {isa = PBXFileReference; lastKnownFileType = sourcecode.swift; path = ShopeeSwiftUIUITests.swift; sourceTree = "<group>"; };
		46D680C72A40A5D7003BBE0F /* ShopeeSwiftUIUITestsLaunchTests.swift */ = {isa = PBXFileReference; lastKnownFileType = sourcecode.swift; path = ShopeeSwiftUIUITestsLaunchTests.swift; sourceTree = "<group>"; };
		46D680DA2A40AD7D003BBE0F /* User.swift */ = {isa = PBXFileReference; lastKnownFileType = sourcecode.swift; path = User.swift; sourceTree = "<group>"; };
		46D680DC2A40B19F003BBE0F /* SearchItemsView.swift */ = {isa = PBXFileReference; lastKnownFileType = sourcecode.swift; path = SearchItemsView.swift; sourceTree = "<group>"; };
/* End PBXFileReference section */

/* Begin PBXFrameworksBuildPhase section */
		46D680A42A40A5D5003BBE0F /* Frameworks */ = {
			isa = PBXFrameworksBuildPhase;
			buildActionMask = 2147483647;
			files = (
			);
			runOnlyForDeploymentPostprocessing = 0;
		};
		46D680B42A40A5D6003BBE0F /* Frameworks */ = {
			isa = PBXFrameworksBuildPhase;
			buildActionMask = 2147483647;
			files = (
			);
			runOnlyForDeploymentPostprocessing = 0;
		};
		46D680BE2A40A5D6003BBE0F /* Frameworks */ = {
			isa = PBXFrameworksBuildPhase;
			buildActionMask = 2147483647;
			files = (
			);
			runOnlyForDeploymentPostprocessing = 0;
		};
/* End PBXFrameworksBuildPhase section */

/* Begin PBXGroup section */
		46D6809E2A40A5D5003BBE0F = {
			isa = PBXGroup;
			children = (
				46D680A92A40A5D5003BBE0F /* ShopeeSwiftUI */,
				46D680BA2A40A5D6003BBE0F /* ShopeeSwiftUITests */,
				46D680C42A40A5D6003BBE0F /* ShopeeSwiftUIUITests */,
				46D680A82A40A5D5003BBE0F /* Products */,
			);
			sourceTree = "<group>";
		};
		46D680A82A40A5D5003BBE0F /* Products */ = {
			isa = PBXGroup;
			children = (
				46D680A72A40A5D5003BBE0F /* ShopeeSwiftUI.app */,
				46D680B72A40A5D6003BBE0F /* ShopeeSwiftUITests.xctest */,
				46D680C12A40A5D6003BBE0F /* ShopeeSwiftUIUITests.xctest */,
			);
			name = Products;
			sourceTree = "<group>";
		};
		46D680A92A40A5D5003BBE0F /* ShopeeSwiftUI */ = {
			isa = PBXGroup;
			children = (
				46D680D92A40AA3E003BBE0F /* Models */,
				46D680D82A40AA34003BBE0F /* ViewModels */,
				46D680D62A40A999003BBE0F /* Views */,
				46D680AA2A40A5D5003BBE0F /* ShopeeSwiftUIApp.swift */,
				46D680AE2A40A5D6003BBE0F /* Assets.xcassets */,
				46D680B02A40A5D6003BBE0F /* Preview Content */,
			);
			path = ShopeeSwiftUI;
			sourceTree = "<group>";
		};
		46D680B02A40A5D6003BBE0F /* Preview Content */ = {
			isa = PBXGroup;
			children = (
				46D680B12A40A5D6003BBE0F /* Preview Assets.xcassets */,
			);
			path = "Preview Content";
			sourceTree = "<group>";
		};
		46D680BA2A40A5D6003BBE0F /* ShopeeSwiftUITests */ = {
			isa = PBXGroup;
			children = (
				46D680BB2A40A5D6003BBE0F /* ShopeeSwiftUITests.swift */,
			);
			path = ShopeeSwiftUITests;
			sourceTree = "<group>";
		};
		46D680C42A40A5D6003BBE0F /* ShopeeSwiftUIUITests */ = {
			isa = PBXGroup;
			children = (
				46D680C52A40A5D7003BBE0F /* ShopeeSwiftUIUITests.swift */,
				46D680C72A40A5D7003BBE0F /* ShopeeSwiftUIUITestsLaunchTests.swift */,
			);
			path = ShopeeSwiftUIUITests;
			sourceTree = "<group>";
		};
		46D680D62A40A999003BBE0F /* Views */ = {
			isa = PBXGroup;
			children = (
				46D680AC2A40A5D5003BBE0F /* ContentView.swift */,
				46D680DC2A40B19F003BBE0F /* SearchItemsView.swift */,
			);
			path = Views;
			sourceTree = "<group>";
		};
		46D680D82A40AA34003BBE0F /* ViewModels */ = {
			isa = PBXGroup;
			children = (
			);
			path = ViewModels;
			sourceTree = "<group>";
		};
		46D680D92A40AA3E003BBE0F /* Models */ = {
			isa = PBXGroup;
			children = (
				46D680DA2A40AD7D003BBE0F /* User.swift */,
			);
			path = Models;
			sourceTree = "<group>";
		};
/* End PBXGroup section */

/* Begin PBXNativeTarget section */
		46D680A62A40A5D5003BBE0F /* ShopeeSwiftUI */ = {
			isa = PBXNativeTarget;
			buildConfigurationList = 46D680CB2A40A5D7003BBE0F /* Build configuration list for PBXNativeTarget "ShopeeSwiftUI" */;
			buildPhases = (
				46D680A32A40A5D5003BBE0F /* Sources */,
				46D680A42A40A5D5003BBE0F /* Frameworks */,
				46D680A52A40A5D5003BBE0F /* Resources */,
			);
			buildRules = (
			);
			dependencies = (
			);
			name = ShopeeSwiftUI;
			productName = ShopeeSwiftUI;
			productReference = 46D680A72A40A5D5003BBE0F /* ShopeeSwiftUI.app */;
			productType = "com.apple.product-type.application";
		};
		46D680B62A40A5D6003BBE0F /* ShopeeSwiftUITests */ = {
			isa = PBXNativeTarget;
			buildConfigurationList = 46D680CE2A40A5D7003BBE0F /* Build configuration list for PBXNativeTarget "ShopeeSwiftUITests" */;
			buildPhases = (
				46D680B32A40A5D6003BBE0F /* Sources */,
				46D680B42A40A5D6003BBE0F /* Frameworks */,
				46D680B52A40A5D6003BBE0F /* Resources */,
			);
			buildRules = (
			);
			dependencies = (
				46D680B92A40A5D6003BBE0F /* PBXTargetDependency */,
			);
			name = ShopeeSwiftUITests;
			productName = ShopeeSwiftUITests;
			productReference = 46D680B72A40A5D6003BBE0F /* ShopeeSwiftUITests.xctest */;
			productType = "com.apple.product-type.bundle.unit-test";
		};
		46D680C02A40A5D6003BBE0F /* ShopeeSwiftUIUITests */ = {
			isa = PBXNativeTarget;
			buildConfigurationList = 46D680D12A40A5D7003BBE0F /* Build configuration list for PBXNativeTarget "ShopeeSwiftUIUITests" */;
			buildPhases = (
				46D680BD2A40A5D6003BBE0F /* Sources */,
				46D680BE2A40A5D6003BBE0F /* Frameworks */,
				46D680BF2A40A5D6003BBE0F /* Resources */,
			);
			buildRules = (
			);
			dependencies = (
				46D680C32A40A5D6003BBE0F /* PBXTargetDependency */,
			);
			name = ShopeeSwiftUIUITests;
			productName = ShopeeSwiftUIUITests;
			productReference = 46D680C12A40A5D6003BBE0F /* ShopeeSwiftUIUITests.xctest */;
			productType = "com.apple.product-type.bundle.ui-testing";
		};
/* End PBXNativeTarget section */

/* Begin PBXProject section */
		46D6809F2A40A5D5003BBE0F /* Project object */ = {
			isa = PBXProject;
			attributes = {
				BuildIndependentTargetsInParallel = 1;
				LastSwiftUpdateCheck = 1430;
				LastUpgradeCheck = 1430;
				TargetAttributes = {
					46D680A62A40A5D5003BBE0F = {
						CreatedOnToolsVersion = 14.3.1;
					};
					46D680B62A40A5D6003BBE0F = {
						CreatedOnToolsVersion = 14.3.1;
						TestTargetID = 46D680A62A40A5D5003BBE0F;
					};
					46D680C02A40A5D6003BBE0F = {
						CreatedOnToolsVersion = 14.3.1;
						TestTargetID = 46D680A62A40A5D5003BBE0F;
					};
				};
			};
			buildConfigurationList = 46D680A22A40A5D5003BBE0F /* Build configuration list for PBXProject "ShopeeSwiftUI" */;
			compatibilityVersion = "Xcode 14.0";
			developmentRegion = en;
			hasScannedForEncodings = 0;
			knownRegions = (
				en,
				Base,
			);
			mainGroup = 46D6809E2A40A5D5003BBE0F;
			productRefGroup = 46D680A82A40A5D5003BBE0F /* Products */;
			projectDirPath = "";
			projectRoot = "";
			targets = (
				46D680A62A40A5D5003BBE0F /* ShopeeSwiftUI */,
				46D680B62A40A5D6003BBE0F /* ShopeeSwiftUITests */,
				46D680C02A40A5D6003BBE0F /* ShopeeSwiftUIUITests */,
			);
		};
/* End PBXProject section */

/* Begin PBXResourcesBuildPhase section */
		46D680A52A40A5D5003BBE0F /* Resources */ = {
			isa = PBXResourcesBuildPhase;
			buildActionMask = 2147483647;
			files = (
				46D680B22A40A5D6003BBE0F /* Preview Assets.xcassets in Resources */,
				46D680AF2A40A5D6003BBE0F /* Assets.xcassets in Resources */,
			);
			runOnlyForDeploymentPostprocessing = 0;
		};
		46D680B52A40A5D6003BBE0F /* Resources */ = {
			isa = PBXResourcesBuildPhase;
			buildActionMask = 2147483647;
			files = (
			);
			runOnlyForDeploymentPostprocessing = 0;
		};
		46D680BF2A40A5D6003BBE0F /* Resources */ = {
			isa = PBXResourcesBuildPhase;
			buildActionMask = 2147483647;
			files = (
			);
			runOnlyForDeploymentPostprocessing = 0;
		};
/* End PBXResourcesBuildPhase section */

/* Begin PBXSourcesBuildPhase section */
		46D680A32A40A5D5003BBE0F /* Sources */ = {
			isa = PBXSourcesBuildPhase;
			buildActionMask = 2147483647;
			files = (
				46D680DB2A40AD7D003BBE0F /* User.swift in Sources */,
				46D680AD2A40A5D5003BBE0F /* ContentView.swift in Sources */,
				46D680AB2A40A5D5003BBE0F /* ShopeeSwiftUIApp.swift in Sources */,
				46D680DD2A40B19F003BBE0F /* SearchItemsView.swift in Sources */,
			);
			runOnlyForDeploymentPostprocessing = 0;
		};
		46D680B32A40A5D6003BBE0F /* Sources */ = {
			isa = PBXSourcesBuildPhase;
			buildActionMask = 2147483647;
			files = (
				46D680BC2A40A5D6003BBE0F /* ShopeeSwiftUITests.swift in Sources */,
			);
			runOnlyForDeploymentPostprocessing = 0;
		};
		46D680BD2A40A5D6003BBE0F /* Sources */ = {
			isa = PBXSourcesBuildPhase;
			buildActionMask = 2147483647;
			files = (
				46D680C82A40A5D7003BBE0F /* ShopeeSwiftUIUITestsLaunchTests.swift in Sources */,
				46D680C62A40A5D7003BBE0F /* ShopeeSwiftUIUITests.swift in Sources */,
			);
			runOnlyForDeploymentPostprocessing = 0;
		};
/* End PBXSourcesBuildPhase section */

/* Begin PBXTargetDependency section */
		46D680B92A40A5D6003BBE0F /* PBXTargetDependency */ = {
			isa = PBXTargetDependency;
			target = 46D680A62A40A5D5003BBE0F /* ShopeeSwiftUI */;
			targetProxy = 46D680B82A40A5D6003BBE0F /* PBXContainerItemProxy */;
		};
		46D680C32A40A5D6003BBE0F /* PBXTargetDependency */ = {
			isa = PBXTargetDependency;
			target = 46D680A62A40A5D5003BBE0F /* ShopeeSwiftUI */;
			targetProxy = 46D680C22A40A5D6003BBE0F /* PBXContainerItemProxy */;
		};
/* End PBXTargetDependency section */

/* Begin XCBuildConfiguration section */
		46D680C92A40A5D7003BBE0F /* Debug */ = {
			isa = XCBuildConfiguration;
			buildSettings = {
				ALWAYS_SEARCH_USER_PATHS = NO;
				CLANG_ANALYZER_NONNULL = YES;
				CLANG_ANALYZER_NUMBER_OBJECT_CONVERSION = YES_AGGRESSIVE;
				CLANG_CXX_LANGUAGE_STANDARD = "gnu++20";
				CLANG_ENABLE_MODULES = YES;
				CLANG_ENABLE_OBJC_ARC = YES;
				CLANG_ENABLE_OBJC_WEAK = YES;
				CLANG_WARN_BLOCK_CAPTURE_AUTORELEASING = YES;
				CLANG_WARN_BOOL_CONVERSION = YES;
				CLANG_WARN_COMMA = YES;
				CLANG_WARN_CONSTANT_CONVERSION = YES;
				CLANG_WARN_DEPRECATED_OBJC_IMPLEMENTATIONS = YES;
				CLANG_WARN_DIRECT_OBJC_ISA_USAGE = YES_ERROR;
				CLANG_WARN_DOCUMENTATION_COMMENTS = YES;
				CLANG_WARN_EMPTY_BODY = YES;
				CLANG_WARN_ENUM_CONVERSION = YES;
				CLANG_WARN_INFINITE_RECURSION = YES;
				CLANG_WARN_INT_CONVERSION = YES;
				CLANG_WARN_NON_LITERAL_NULL_CONVERSION = YES;
				CLANG_WARN_OBJC_IMPLICIT_RETAIN_SELF = YES;
				CLANG_WARN_OBJC_LITERAL_CONVERSION = YES;
				CLANG_WARN_OBJC_ROOT_CLASS = YES_ERROR;
				CLANG_WARN_QUOTED_INCLUDE_IN_FRAMEWORK_HEADER = YES;
				CLANG_WARN_RANGE_LOOP_ANALYSIS = YES;
				CLANG_WARN_STRICT_PROTOTYPES = YES;
				CLANG_WARN_SUSPICIOUS_MOVE = YES;
				CLANG_WARN_UNGUARDED_AVAILABILITY = YES_AGGRESSIVE;
				CLANG_WARN_UNREACHABLE_CODE = YES;
				CLANG_WARN__DUPLICATE_METHOD_MATCH = YES;
				COPY_PHASE_STRIP = NO;
				DEBUG_INFORMATION_FORMAT = dwarf;
				ENABLE_STRICT_OBJC_MSGSEND = YES;
				ENABLE_TESTABILITY = YES;
				GCC_C_LANGUAGE_STANDARD = gnu11;
				GCC_DYNAMIC_NO_PIC = NO;
				GCC_NO_COMMON_BLOCKS = YES;
				GCC_OPTIMIZATION_LEVEL = 0;
				GCC_PREPROCESSOR_DEFINITIONS = (
					"DEBUG=1",
					"$(inherited)",
				);
				GCC_WARN_64_TO_32_BIT_CONVERSION = YES;
				GCC_WARN_ABOUT_RETURN_TYPE = YES_ERROR;
				GCC_WARN_UNDECLARED_SELECTOR = YES;
				GCC_WARN_UNINITIALIZED_AUTOS = YES_AGGRESSIVE;
				GCC_WARN_UNUSED_FUNCTION = YES;
				GCC_WARN_UNUSED_VARIABLE = YES;
				IPHONEOS_DEPLOYMENT_TARGET = 16.4;
				MTL_ENABLE_DEBUG_INFO = INCLUDE_SOURCE;
				MTL_FAST_MATH = YES;
				ONLY_ACTIVE_ARCH = YES;
				SDKROOT = iphoneos;
				SWIFT_ACTIVE_COMPILATION_CONDITIONS = DEBUG;
				SWIFT_OPTIMIZATION_LEVEL = "-Onone";
			};
			name = Debug;
		};
		46D680CA2A40A5D7003BBE0F /* Release */ = {
			isa = XCBuildConfiguration;
			buildSettings = {
				ALWAYS_SEARCH_USER_PATHS = NO;
				CLANG_ANALYZER_NONNULL = YES;
				CLANG_ANALYZER_NUMBER_OBJECT_CONVERSION = YES_AGGRESSIVE;
				CLANG_CXX_LANGUAGE_STANDARD = "gnu++20";
				CLANG_ENABLE_MODULES = YES;
				CLANG_ENABLE_OBJC_ARC = YES;
				CLANG_ENABLE_OBJC_WEAK = YES;
				CLANG_WARN_BLOCK_CAPTURE_AUTORELEASING = YES;
				CLANG_WARN_BOOL_CONVERSION = YES;
				CLANG_WARN_COMMA = YES;
				CLANG_WARN_CONSTANT_CONVERSION = YES;
				CLANG_WARN_DEPRECATED_OBJC_IMPLEMENTATIONS = YES;
				CLANG_WARN_DIRECT_OBJC_ISA_USAGE = YES_ERROR;
				CLANG_WARN_DOCUMENTATION_COMMENTS = YES;
				CLANG_WARN_EMPTY_BODY = YES;
				CLANG_WARN_ENUM_CONVERSION = YES;
				CLANG_WARN_INFINITE_RECURSION = YES;
				CLANG_WARN_INT_CONVERSION = YES;
				CLANG_WARN_NON_LITERAL_NULL_CONVERSION = YES;
				CLANG_WARN_OBJC_IMPLICIT_RETAIN_SELF = YES;
				CLANG_WARN_OBJC_LITERAL_CONVERSION = YES;
				CLANG_WARN_OBJC_ROOT_CLASS = YES_ERROR;
				CLANG_WARN_QUOTED_INCLUDE_IN_FRAMEWORK_HEADER = YES;
				CLANG_WARN_RANGE_LOOP_ANALYSIS = YES;
				CLANG_WARN_STRICT_PROTOTYPES = YES;
				CLANG_WARN_SUSPICIOUS_MOVE = YES;
				CLANG_WARN_UNGUARDED_AVAILABILITY = YES_AGGRESSIVE;
				CLANG_WARN_UNREACHABLE_CODE = YES;
				CLANG_WARN__DUPLICATE_METHOD_MATCH = YES;
				COPY_PHASE_STRIP = NO;
				DEBUG_INFORMATION_FORMAT = "dwarf-with-dsym";
				ENABLE_NS_ASSERTIONS = NO;
				ENABLE_STRICT_OBJC_MSGSEND = YES;
				GCC_C_LANGUAGE_STANDARD = gnu11;
				GCC_NO_COMMON_BLOCKS = YES;
				GCC_WARN_64_TO_32_BIT_CONVERSION = YES;
				GCC_WARN_ABOUT_RETURN_TYPE = YES_ERROR;
				GCC_WARN_UNDECLARED_SELECTOR = YES;
				GCC_WARN_UNINITIALIZED_AUTOS = YES_AGGRESSIVE;
				GCC_WARN_UNUSED_FUNCTION = YES;
				GCC_WARN_UNUSED_VARIABLE = YES;
				IPHONEOS_DEPLOYMENT_TARGET = 16.4;
				MTL_ENABLE_DEBUG_INFO = NO;
				MTL_FAST_MATH = YES;
				SDKROOT = iphoneos;
				SWIFT_COMPILATION_MODE = wholemodule;
				SWIFT_OPTIMIZATION_LEVEL = "-O";
				VALIDATE_PRODUCT = YES;
			};
			name = Release;
		};
		46D680CC2A40A5D7003BBE0F /* Debug */ = {
			isa = XCBuildConfiguration;
			buildSettings = {
				ASSETCATALOG_COMPILER_APPICON_NAME = AppIcon;
				ASSETCATALOG_COMPILER_GLOBAL_ACCENT_COLOR_NAME = AccentColor;
				CODE_SIGN_STYLE = Automatic;
				CURRENT_PROJECT_VERSION = 1;
				DEVELOPMENT_ASSET_PATHS = "\"ShopeeSwiftUI/Preview Content\"";
				ENABLE_PREVIEWS = YES;
				GENERATE_INFOPLIST_FILE = YES;
				INFOPLIST_KEY_UIApplicationSceneManifest_Generation = YES;
				INFOPLIST_KEY_UIApplicationSupportsIndirectInputEvents = YES;
				INFOPLIST_KEY_UILaunchScreen_Generation = YES;
				INFOPLIST_KEY_UISupportedInterfaceOrientations_iPad = "UIInterfaceOrientationPortrait UIInterfaceOrientationPortraitUpsideDown UIInterfaceOrientationLandscapeLeft UIInterfaceOrientationLandscapeRight";
				INFOPLIST_KEY_UISupportedInterfaceOrientations_iPhone = "UIInterfaceOrientationPortrait UIInterfaceOrientationLandscapeLeft UIInterfaceOrientationLandscapeRight";
				LD_RUNPATH_SEARCH_PATHS = (
					"$(inherited)",
					"@executable_path/Frameworks",
				);
				MARKETING_VERSION = 1.0;
				PRODUCT_BUNDLE_IDENTIFIER = com.myorg.ShopeeSwiftUI;
				PRODUCT_NAME = "$(TARGET_NAME)";
				SWIFT_EMIT_LOC_STRINGS = YES;
				SWIFT_VERSION = 5.0;
				TARGETED_DEVICE_FAMILY = "1,2";
			};
			name = Debug;
		};
		46D680CD2A40A5D7003BBE0F /* Release */ = {
			isa = XCBuildConfiguration;
			buildSettings = {
				ASSETCATALOG_COMPILER_APPICON_NAME = AppIcon;
				ASSETCATALOG_COMPILER_GLOBAL_ACCENT_COLOR_NAME = AccentColor;
				CODE_SIGN_STYLE = Automatic;
				CURRENT_PROJECT_VERSION = 1;
				DEVELOPMENT_ASSET_PATHS = "\"ShopeeSwiftUI/Preview Content\"";
				ENABLE_PREVIEWS = YES;
				GENERATE_INFOPLIST_FILE = YES;
				INFOPLIST_KEY_UIApplicationSceneManifest_Generation = YES;
				INFOPLIST_KEY_UIApplicationSupportsIndirectInputEvents = YES;
				INFOPLIST_KEY_UILaunchScreen_Generation = YES;
				INFOPLIST_KEY_UISupportedInterfaceOrientations_iPad = "UIInterfaceOrientationPortrait UIInterfaceOrientationPortraitUpsideDown UIInterfaceOrientationLandscapeLeft UIInterfaceOrientationLandscapeRight";
				INFOPLIST_KEY_UISupportedInterfaceOrientations_iPhone = "UIInterfaceOrientationPortrait UIInterfaceOrientationLandscapeLeft UIInterfaceOrientationLandscapeRight";
				LD_RUNPATH_SEARCH_PATHS = (
					"$(inherited)",
					"@executable_path/Frameworks",
				);
				MARKETING_VERSION = 1.0;
				PRODUCT_BUNDLE_IDENTIFIER = com.myorg.ShopeeSwiftUI;
				PRODUCT_NAME = "$(TARGET_NAME)";
				SWIFT_EMIT_LOC_STRINGS = YES;
				SWIFT_VERSION = 5.0;
				TARGETED_DEVICE_FAMILY = "1,2";
			};
			name = Release;
		};
		46D680CF2A40A5D7003BBE0F /* Debug */ = {
			isa = XCBuildConfiguration;
			buildSettings = {
				ALWAYS_EMBED_SWIFT_STANDARD_LIBRARIES = YES;
				BUNDLE_LOADER = "$(TEST_HOST)";
				CODE_SIGN_STYLE = Automatic;
				CURRENT_PROJECT_VERSION = 1;
				GENERATE_INFOPLIST_FILE = YES;
				IPHONEOS_DEPLOYMENT_TARGET = 16.4;
				MARKETING_VERSION = 1.0;
				PRODUCT_BUNDLE_IDENTIFIER = com.myorg.ShopeeSwiftUITests;
				PRODUCT_NAME = "$(TARGET_NAME)";
				SWIFT_EMIT_LOC_STRINGS = NO;
				SWIFT_VERSION = 5.0;
				TARGETED_DEVICE_FAMILY = "1,2";
				TEST_HOST = "$(BUILT_PRODUCTS_DIR)/ShopeeSwiftUI.app/$(BUNDLE_EXECUTABLE_FOLDER_PATH)/ShopeeSwiftUI";
			};
			name = Debug;
		};
		46D680D02A40A5D7003BBE0F /* Release */ = {
			isa = XCBuildConfiguration;
			buildSettings = {
				ALWAYS_EMBED_SWIFT_STANDARD_LIBRARIES = YES;
				BUNDLE_LOADER = "$(TEST_HOST)";
				CODE_SIGN_STYLE = Automatic;
				CURRENT_PROJECT_VERSION = 1;
				GENERATE_INFOPLIST_FILE = YES;
				IPHONEOS_DEPLOYMENT_TARGET = 16.4;
				MARKETING_VERSION = 1.0;
				PRODUCT_BUNDLE_IDENTIFIER = com.myorg.ShopeeSwiftUITests;
				PRODUCT_NAME = "$(TARGET_NAME)";
				SWIFT_EMIT_LOC_STRINGS = NO;
				SWIFT_VERSION = 5.0;
				TARGETED_DEVICE_FAMILY = "1,2";
				TEST_HOST = "$(BUILT_PRODUCTS_DIR)/ShopeeSwiftUI.app/$(BUNDLE_EXECUTABLE_FOLDER_PATH)/ShopeeSwiftUI";
			};
			name = Release;
		};
		46D680D22A40A5D7003BBE0F /* Debug */ = {
			isa = XCBuildConfiguration;
			buildSettings = {
				ALWAYS_EMBED_SWIFT_STANDARD_LIBRARIES = YES;
				CODE_SIGN_STYLE = Automatic;
				CURRENT_PROJECT_VERSION = 1;
				GENERATE_INFOPLIST_FILE = YES;
				MARKETING_VERSION = 1.0;
				PRODUCT_BUNDLE_IDENTIFIER = com.myorg.ShopeeSwiftUIUITests;
				PRODUCT_NAME = "$(TARGET_NAME)";
				SWIFT_EMIT_LOC_STRINGS = NO;
				SWIFT_VERSION = 5.0;
				TARGETED_DEVICE_FAMILY = "1,2";
				TEST_TARGET_NAME = ShopeeSwiftUI;
			};
			name = Debug;
		};
		46D680D32A40A5D7003BBE0F /* Release */ = {
			isa = XCBuildConfiguration;
			buildSettings = {
				ALWAYS_EMBED_SWIFT_STANDARD_LIBRARIES = YES;
				CODE_SIGN_STYLE = Automatic;
				CURRENT_PROJECT_VERSION = 1;
				GENERATE_INFOPLIST_FILE = YES;
				MARKETING_VERSION = 1.0;
				PRODUCT_BUNDLE_IDENTIFIER = com.myorg.ShopeeSwiftUIUITests;
				PRODUCT_NAME = "$(TARGET_NAME)";
				SWIFT_EMIT_LOC_STRINGS = NO;
				SWIFT_VERSION = 5.0;
				TARGETED_DEVICE_FAMILY = "1,2";
				TEST_TARGET_NAME = ShopeeSwiftUI;
			};
			name = Release;
		};
/* End XCBuildConfiguration section */

/* Begin XCConfigurationList section */
		46D680A22A40A5D5003BBE0F /* Build configuration list for PBXProject "ShopeeSwiftUI" */ = {
			isa = XCConfigurationList;
			buildConfigurations = (
				46D680C92A40A5D7003BBE0F /* Debug */,
				46D680CA2A40A5D7003BBE0F /* Release */,
			);
			defaultConfigurationIsVisible = 0;
			defaultConfigurationName = Release;
		};
		46D680CB2A40A5D7003BBE0F /* Build configuration list for PBXNativeTarget "ShopeeSwiftUI" */ = {
			isa = XCConfigurationList;
			buildConfigurations = (
				46D680CC2A40A5D7003BBE0F /* Debug */,
				46D680CD2A40A5D7003BBE0F /* Release */,
			);
			defaultConfigurationIsVisible = 0;
			defaultConfigurationName = Release;
		};
		46D680CE2A40A5D7003BBE0F /* Build configuration list for PBXNativeTarget "ShopeeSwiftUITests" */ = {
			isa = XCConfigurationList;
			buildConfigurations = (
				46D680CF2A40A5D7003BBE0F /* Debug */,
				46D680D02A40A5D7003BBE0F /* Release */,
			);
			defaultConfigurationIsVisible = 0;
			defaultConfigurationName = Release;
		};
		46D680D12A40A5D7003BBE0F /* Build configuration list for PBXNativeTarget "ShopeeSwiftUIUITests" */ = {
			isa = XCConfigurationList;
			buildConfigurations = (
				46D680D22A40A5D7003BBE0F /* Debug */,
				46D680D32A40A5D7003BBE0F /* Release */,
			);
			defaultConfigurationIsVisible = 0;
			defaultConfigurationName = Release;
		};
/* End XCConfigurationList section */
	};
	rootObject = 46D6809F2A40A5D5003BBE0F /* Project object */;
}
